
Microsoft Visual Studio Solution File, Format Version 12.00
# Visual Studio Version 16
VisualStudioVersion = 16.0.31624.102
MinimumVisualStudioVersion = 10.0.40219.1
Project("{FAE04EC0-301F-11D3-BF4B-00C04F79EFBC}") = "01-Simple-Calculator", "01-Simple-Calculator\01-Simple-Calculator.csproj", "{28F63A14-AF4F-4499-8882-F2868D22D82E}"
EndProject
Project("{FAE04EC0-301F-11D3-BF4B-00C04F79EFBC}") = "01-Simple-Calculator.Test.Unit", "01-Simple-Calculator.Test.Unit\01-Simple-Calculator.Test.Unit.csproj", "{9950BB78-B711-4551-BE3A-65CC729F1DC6}"
EndProject
Global
	GlobalSection(SolutionConfigurationPlatforms) = preSolution
		Debug|Any CPU = Debug|Any CPU
		Release|Any CPU = Release|Any CPU
	EndGlobalSection
	GlobalSection(ProjectConfigurationPlatforms) = postSolution
		{28F63A14-AF4F-4499-8882-F2868D22D82E}.Debug|Any CPU.ActiveCfg = Debug|Any CPU
		{28F63A14-AF4F-4499-8882-F2868D22D82E}.Debug|Any CPU.Build.0 = Debug|Any CPU
		{28F63A14-AF4F-4499-8882-F2868D22D82E}.Release|Any CPU.ActiveCfg = Release|Any CPU
		{28F63A14-AF4F-4499-8882-F2868D22D82E}.Release|Any CPU.Build.0 = Release|Any CPU
		{9950BB78-B711-4551-BE3A-65CC729F1DC6}.Debug|Any CPU.ActiveCfg = Debug|Any CPU
		{9950BB78-B711-4551-BE3A-65CC729F1DC6}.Debug|Any CPU.Build.0 = Debug|Any CPU
		{9950BB78-B711-4551-BE3A-65CC729F1DC6}.Release|Any CPU.ActiveCfg = Release|Any CPU
		{9950BB78-B711-4551-BE3A-65CC729F1DC6}.Release|Any CPU.Build.0 = Release|Any CPU
	EndGlobalSection
	GlobalSection(SolutionProperties) = preSolution
		HideSolutionNode = FALSE
	EndGlobalSection
	GlobalSection(ExtensibilityGlobals) = postSolution
		SolutionGuid = {D7E0A469-C9BE-42BA-A772-3244FD0173C5}
	EndGlobalSection
EndGlobal
